PODS:
  - SK4ConfigKit (1.0.2):
    - SK4Toolkit (~> 2.8)
  - SK4SpareKit (1.0.1):
    - SK4Toolkit (~> 2.8)
  - SK4Toolkit (2.8.0)

DEPENDENCIES:
  - SK4ConfigKit
  - SK4SpareKit
  - SK4Toolkit

SPEC CHECKSUMS:
  SK4ConfigKit: a3340431898575276cf8d1b0b7b87e9554bc7cb7
  SK4SpareKit: 328d737aeed2387dba11c154a8c34145fb20e83f
  SK4Toolkit: d3c130c8c3dcc89261e72cf54d914e325ec0f3e6

COCOAPODS: 0.39.0
