PODS:
  - SK4Toolkit (2.7.2)

DEPENDENCIES:
  - SK4Toolkit (from `https://github.com/See-Ku/SK4Toolkit.git`)

EXTERNAL SOURCES:
  SK4Toolkit:
    :git: https://github.com/See-Ku/SK4Toolkit.git

CHECKOUT OPTIONS:
  SK4Toolkit:
    :commit: 7cb94220dec21a01f36f887e4012f45db3a8fed1
    :git: https://github.com/See-Ku/SK4Toolkit.git

SPEC CHECKSUMS:
  SK4Toolkit: 72053e5f57f2b722d47ac96cfac1d84a2ca5bbe0

COCOAPODS: 0.39.0
