// !$*UTF8*$!
{
	archiveVersion = 1;
	classes = {
	};
	objectVersion = 46;
	objects = {

/* Begin PBXBuildFile section */
		54122F2F05F3FB7A85ABE547 /* Pods.framework in Frameworks */ = {isa = PBXBuildFile; fileRef = 8850AFC050E3348E3883ED60 /* Pods.framework */; };
		870216AE1CABF123006137E9 /* ColorPickerViewController.swift in Sources */ = {isa = PBXBuildFile; fileRef = 870216AD1CABF123006137E9 /* ColorPickerViewController.swift */; };
		871F9E871CA3B91D005295FC /* OverlayIndicatorViewController.swift in Sources */ = {isa = PBXBuildFile; fileRef = 871F9E861CA3B91D005295FC /* OverlayIndicatorViewController.swift */; };
		87632DBF1CAC0716004D31E0 /* KeyboardObserverViewController.swift in Sources */ = {isa = PBXBuildFile; fileRef = 87632DBE1CAC0716004D31E0 /* KeyboardObserverViewController.swift */; };
		877009321CB3CC5F00109310 /* MainView.swift in Sources */ = {isa = PBXBuildFile; fileRef = 877009311CB3CC5F00109310 /* MainView.swift */; };
		878402171CA36269001C3E0F /* ActionSheetViewController.swift in Sources */ = {isa = PBXBuildFile; fileRef = 878402161CA36269001C3E0F /* ActionSheetViewController.swift */; };
		8784021B1CA39BDE001C3E0F /* BorderButtonViewController.swift in Sources */ = {isa = PBXBuildFile; fileRef = 8784021A1CA39BDE001C3E0F /* BorderButtonViewController.swift */; };
		8784021D1CA3A5DE001C3E0F /* ToolbarViewController.swift in Sources */ = {isa = PBXBuildFile; fileRef = 8784021C1CA3A5DE001C3E0F /* ToolbarViewController.swift */; };
		87909E561CC4F450009C9724 /* InterpolationColorViewController.swift in Sources */ = {isa = PBXBuildFile; fileRef = 87909E551CC4F450009C9724 /* InterpolationColorViewController.swift */; };
		87909E581CC50558009C9724 /* SendMailViewController.swift in Sources */ = {isa = PBXBuildFile; fileRef = 87909E571CC50558009C9724 /* SendMailViewController.swift */; };
		87909E6B1CC50B83009C9724 /* AudioPlayerViewController.swift in Sources */ = {isa = PBXBuildFile; fileRef = 87909E6A1CC50B83009C9724 /* AudioPlayerViewController.swift */; };
		87909E741CC50D81009C9724 /* powerup01.caf in Resources */ = {isa = PBXBuildFile; fileRef = 87909E6C1CC50D80009C9724 /* powerup01.caf */; };
		87909E751CC50D81009C9724 /* powerup02.caf in Resources */ = {isa = PBXBuildFile; fileRef = 87909E6D1CC50D80009C9724 /* powerup02.caf */; };
		87909E761CC50D81009C9724 /* powerup03.caf in Resources */ = {isa = PBXBuildFile; fileRef = 87909E6E1CC50D80009C9724 /* powerup03.caf */; };
		87909E771CC50D81009C9724 /* powerup04.caf in Resources */ = {isa = PBXBuildFile; fileRef = 87909E6F1CC50D80009C9724 /* powerup04.caf */; };
		87909E781CC50D81009C9724 /* powerup05.caf in Resources */ = {isa = PBXBuildFile; fileRef = 87909E701CC50D80009C9724 /* powerup05.caf */; };
		87909E791CC50D81009C9724 /* powerup06.caf in Resources */ = {isa = PBXBuildFile; fileRef = 87909E711CC50D80009C9724 /* powerup06.caf */; };
		87909E7A1CC50D81009C9724 /* powerup07.caf in Resources */ = {isa = PBXBuildFile; fileRef = 87909E721CC50D80009C9724 /* powerup07.caf */; };
		87909E7B1CC50D81009C9724 /* powerup08.caf in Resources */ = {isa = PBXBuildFile; fileRef = 87909E731CC50D81009C9724 /* powerup08.caf */; };
		87909E7E1CC5112F009C9724 /* Gyuuuuuu.caf in Resources */ = {isa = PBXBuildFile; fileRef = 87909E7C1CC5112F009C9724 /* Gyuuuuuu.caf */; };
		87909E7F1CC5112F009C9724 /* Purururururu.caf in Resources */ = {isa = PBXBuildFile; fileRef = 87909E7D1CC5112F009C9724 /* Purururururu.caf */; };
		879E73FB1CA6A9D600C64902 /* CollectionViewController.swift in Sources */ = {isa = PBXBuildFile; fileRef = 879E73FA1CA6A9D600C64902 /* CollectionViewController.swift */; };
		879E73FD1CA6AA0F00C64902 /* CollectionViewAdmin.swift in Sources */ = {isa = PBXBuildFile; fileRef = 879E73FC1CA6AA0F00C64902 /* CollectionViewAdmin.swift */; };
		87B634F01CA7F2B5004501B2 /* LazyTimerViewController.swift in Sources */ = {isa = PBXBuildFile; fileRef = 87B634EF1CA7F2B4004501B2 /* LazyTimerViewController.swift */; };
		87B634F21CA7F579004501B2 /* TextAttributesViewController.swift in Sources */ = {isa = PBXBuildFile; fileRef = 87B634F11CA7F579004501B2 /* TextAttributesViewController.swift */; };
		87BB463F1CA2A86F00F0BC50 /* AppDelegate.swift in Sources */ = {isa = PBXBuildFile; fileRef = 87BB463E1CA2A86F00F0BC50 /* AppDelegate.swift */; };
		87BB46441CA2A86F00F0BC50 /* Main.storyboard in Resources */ = {isa = PBXBuildFile; fileRef = 87BB46421CA2A86F00F0BC50 /* Main.storyboard */; };
		87BB46461CA2A86F00F0BC50 /* Assets.xcassets in Resources */ = {isa = PBXBuildFile; fileRef = 87BB46451CA2A86F00F0BC50 /* Assets.xcassets */; };
		87BB46491CA2A86F00F0BC50 /* LaunchScreen.storyboard in Resources */ = {isa = PBXBuildFile; fileRef = 87BB46471CA2A86F00F0BC50 /* LaunchScreen.storyboard */; };
		87BB46541CA2A86F00F0BC50 /* SK4ToolDemoTests.swift in Sources */ = {isa = PBXBuildFile; fileRef = 87BB46531CA2A86F00F0BC50 /* SK4ToolDemoTests.swift */; };
		87BB465F1CA2A86F00F0BC50 /* SK4ToolDemoUITests.swift in Sources */ = {isa = PBXBuildFile; fileRef = 87BB465E1CA2A86F00F0BC50 /* SK4ToolDemoUITests.swift */; };
		87BB466F1CA2AE7C00F0BC50 /* TableViewController.swift in Sources */ = {isa = PBXBuildFile; fileRef = 87BB466E1CA2AE7C00F0BC50 /* TableViewController.swift */; };
		87BB46711CA2AE9900F0BC50 /* MainMenuViewController.swift in Sources */ = {isa = PBXBuildFile; fileRef = 87BB46701CA2AE9900F0BC50 /* MainMenuViewController.swift */; };
		87BB46731CA2AFC600F0BC50 /* TableViewAdmin.swift in Sources */ = {isa = PBXBuildFile; fileRef = 87BB46721CA2AFC600F0BC50 /* TableViewAdmin.swift */; };
		87BB467B1CA353A000F0BC50 /* AlertViewController.swift in Sources */ = {isa = PBXBuildFile; fileRef = 87BB467A1CA353A000F0BC50 /* AlertViewController.swift */; };
		87E236DB1CA7214A00B98DF7 /* CollectionViewCell.swift in Sources */ = {isa = PBXBuildFile; fileRef = 87E236DA1CA7214A00B98DF7 /* CollectionViewCell.swift */; };
		87E236DF1CA7553F00B98DF7 /* PickerSizeViewController.swift in Sources */ = {isa = PBXBuildFile; fileRef = 87E236DE1CA7553F00B98DF7 /* PickerSizeViewController.swift */; };
		87E236E11CA75AA600B98DF7 /* PickerTimeViewController.swift in Sources */ = {isa = PBXBuildFile; fileRef = 87E236E01CA75AA600B98DF7 /* PickerTimeViewController.swift */; };
		87E236E31CA7645F00B98DF7 /* PickerEverViewController.swift in Sources */ = {isa = PBXBuildFile; fileRef = 87E236E21CA7645F00B98DF7 /* PickerEverViewController.swift */; };
		87E236E91CA78AAA00B98DF7 /* ImageCacheViewController.swift in Sources */ = {isa = PBXBuildFile; fileRef = 87E236E81CA78AAA00B98DF7 /* ImageCacheViewController.swift */; };
		87EE2A2C1CA6433800D0A222 /* Notify1ViewController.swift in Sources */ = {isa = PBXBuildFile; fileRef = 87EE2A2B1CA6433800D0A222 /* Notify1ViewController.swift */; };
		87EE2A2E1CA6476000D0A222 /* Notify2ViewController.swift in Sources */ = {isa = PBXBuildFile; fileRef = 87EE2A2D1CA6476000D0A222 /* Notify2ViewController.swift */; };
		87EE2A301CA6476D00D0A222 /* Notify3ViewController.swift in Sources */ = {isa = PBXBuildFile; fileRef = 87EE2A2F1CA6476D00D0A222 /* Notify3ViewController.swift */; };
		87F005701CACF9A8001B6A0F /* GlobalConfig.swift in Sources */ = {isa = PBXBuildFile; fileRef = 87F0056F1CACF9A8001B6A0F /* GlobalConfig.swift */; };
		87F7540F1CB3A26E0030264D /* DivideLayoutViewController.swift in Sources */ = {isa = PBXBuildFile; fileRef = 87F7540E1CB3A26D0030264D /* DivideLayoutViewController.swift */; };
		87F754131CB3A3CB0030264D /* default-iPad.divlay in Resources */ = {isa = PBXBuildFile; fileRef = 87F754111CB3A3CB0030264D /* default-iPad.divlay */; };
		87F754141CB3A3CB0030264D /* default-iPhone.divlay in Resources */ = {isa = PBXBuildFile; fileRef = 87F754121CB3A3CB0030264D /* default-iPhone.divlay */; };
/* End PBXBuildFile section */

/* Begin PBXContainerItemProxy section */
		87BB46501CA2A86F00F0BC50 /* PBXContainerItemProxy */ = {
			isa = PBXContainerItemProxy;
			containerPortal = 87BB46331CA2A86F00F0BC50 /* Project object */;
			proxyType = 1;
			remoteGlobalIDString = 87BB463A1CA2A86F00F0BC50;
			remoteInfo = SK4ToolDemo;
		};
		87BB465B1CA2A86F00F0BC50 /* PBXContainerItemProxy */ = {
			isa = PBXContainerItemProxy;
			containerPortal = 87BB46331CA2A86F00F0BC50 /* Project object */;
			proxyType = 1;
			remoteGlobalIDString = 87BB463A1CA2A86F00F0BC50;
			remoteInfo = SK4ToolDemo;
		};
/* End PBXContainerItemProxy section */

/* Begin PBXCopyFilesBuildPhase section */
		87A583B71CA8F82500D0E357 /* Embed Frameworks */ = {
			isa = PBXCopyFilesBuildPhase;
			buildActionMask = 2147483647;
			dstPath = "";
			dstSubfolderSpec = 10;
			files = (
			);
			name = "Embed Frameworks";
			runOnlyForDeploymentPostprocessing = 0;
		};
/* End PBXCopyFilesBuildPhase section */

/* Begin PBXFileReference section */
		1FC367A66B951D039552F1A1 /* Pods.debug.xcconfig */ = {isa = PBXFileReference; includeInIndex = 1; lastKnownFileType = text.xcconfig; name = Pods.debug.xcconfig; path = "Pods/Target Support Files/Pods/Pods.debug.xcconfig"; sourceTree = "<group>"; };
		454CF1B3C57725A2EEB6854B /* Pods.release.xcconfig */ = {isa = PBXFileReference; includeInIndex = 1; lastKnownFileType = text.xcconfig; name = Pods.release.xcconfig; path = "Pods/Target Support Files/Pods/Pods.release.xcconfig"; sourceTree = "<group>"; };
		870216AD1CABF123006137E9 /* ColorPickerViewController.swift */ = {isa = PBXFileReference; fileEncoding = 4; lastKnownFileType = sourcecode.swift; path = ColorPickerViewController.swift; sourceTree = "<group>"; };
		871F9E861CA3B91D005295FC /* OverlayIndicatorViewController.swift */ = {isa = PBXFileReference; fileEncoding = 4; lastKnownFileType = sourcecode.swift; path = OverlayIndicatorViewController.swift; sourceTree = "<group>"; };
		87632DBE1CAC0716004D31E0 /* KeyboardObserverViewController.swift */ = {isa = PBXFileReference; fileEncoding = 4; lastKnownFileType = sourcecode.swift; path = KeyboardObserverViewController.swift; sourceTree = "<group>"; };
		877009311CB3CC5F00109310 /* MainView.swift */ = {isa = PBXFileReference; fileEncoding = 4; lastKnownFileType = sourcecode.swift; path = MainView.swift; sourceTree = "<group>"; };
		878402161CA36269001C3E0F /* ActionSheetViewController.swift */ = {isa = PBXFileReference; fileEncoding = 4; lastKnownFileType = sourcecode.swift; path = ActionSheetViewController.swift; sourceTree = "<group>"; };
		8784021A1CA39BDE001C3E0F /* BorderButtonViewController.swift */ = {isa = PBXFileReference; fileEncoding = 4; lastKnownFileType = sourcecode.swift; path = BorderButtonViewController.swift; sourceTree = "<group>"; };
		8784021C1CA3A5DE001C3E0F /* ToolbarViewController.swift */ = {isa = PBXFileReference; fileEncoding = 4; lastKnownFileType = sourcecode.swift; path = ToolbarViewController.swift; sourceTree = "<group>"; };
		87909E551CC4F450009C9724 /* InterpolationColorViewController.swift */ = {isa = PBXFileReference; fileEncoding = 4; lastKnownFileType = sourcecode.swift; path = InterpolationColorViewController.swift; sourceTree = "<group>"; };
		87909E571CC50558009C9724 /* SendMailViewController.swift */ = {isa = PBXFileReference; fileEncoding = 4; lastKnownFileType = sourcecode.swift; path = SendMailViewController.swift; sourceTree = "<group>"; };
		87909E6A1CC50B83009C9724 /* AudioPlayerViewController.swift */ = {isa = PBXFileReference; fileEncoding = 4; lastKnownFileType = sourcecode.swift; path = AudioPlayerViewController.swift; sourceTree = "<group>"; };
		87909E6C1CC50D80009C9724 /* powerup01.caf */ = {isa = PBXFileReference; lastKnownFileType = file; name = powerup01.caf; path = sound/powerup01.caf; sourceTree = "<group>"; };
		87909E6D1CC50D80009C9724 /* powerup02.caf */ = {isa = PBXFileReference; lastKnownFileType = file; name = powerup02.caf; path = sound/powerup02.caf; sourceTree = "<group>"; };
		87909E6E1CC50D80009C9724 /* powerup03.caf */ = {isa = PBXFileReference; lastKnownFileType = file; name = powerup03.caf; path = sound/powerup03.caf; sourceTree = "<group>"; };
		87909E6F1CC50D80009C9724 /* powerup04.caf */ = {isa = PBXFileReference; lastKnownFileType = file; name = powerup04.caf; path = sound/powerup04.caf; sourceTree = "<group>"; };
		87909E701CC50D80009C9724 /* powerup05.caf */ = {isa = PBXFileReference; lastKnownFileType = file; name = powerup05.caf; path = sound/powerup05.caf; sourceTree = "<group>"; };
		87909E711CC50D80009C9724 /* powerup06.caf */ = {isa = PBXFileReference; lastKnownFileType = file; name = powerup06.caf; path = sound/powerup06.caf; sourceTree = "<group>"; };
		87909E721CC50D80009C9724 /* powerup07.caf */ = {isa = PBXFileReference; lastKnownFileType = file; name = powerup07.caf; path = sound/powerup07.caf; sourceTree = "<group>"; };
		87909E731CC50D81009C9724 /* powerup08.caf */ = {isa = PBXFileReference; lastKnownFileType = file; name = powerup08.caf; path = sound/powerup08.caf; sourceTree = "<group>"; };
		87909E7C1CC5112F009C9724 /* Gyuuuuuu.caf */ = {isa = PBXFileReference; lastKnownFileType = file; name = Gyuuuuuu.caf; path = sound/Gyuuuuuu.caf; sourceTree = "<group>"; };
		87909E7D1CC5112F009C9724 /* Purururururu.caf */ = {isa = PBXFileReference; lastKnownFileType = file; name = Purururururu.caf; path = sound/Purururururu.caf; sourceTree = "<group>"; };
		879E73FA1CA6A9D600C64902 /* CollectionViewController.swift */ = {isa = PBXFileReference; fileEncoding = 4; lastKnownFileType = sourcecode.swift; path = CollectionViewController.swift; sourceTree = "<group>"; };
		879E73FC1CA6AA0F00C64902 /* CollectionViewAdmin.swift */ = {isa = PBXFileReference; fileEncoding = 4; lastKnownFileType = sourcecode.swift; path = CollectionViewAdmin.swift; sourceTree = "<group>"; };
		87B634EF1CA7F2B4004501B2 /* LazyTimerViewController.swift */ = {isa = PBXFileReference; fileEncoding = 4; lastKnownFileType = sourcecode.swift; path = LazyTimerViewController.swift; sourceTree = "<group>"; };
		87B634F11CA7F579004501B2 /* TextAttributesViewController.swift */ = {isa = PBXFileReference; fileEncoding = 4; lastKnownFileType = sourcecode.swift; path = TextAttributesViewController.swift; sourceTree = "<group>"; };
		87BB463B1CA2A86F00F0BC50 /* SK4ToolDemo.app */ = {isa = PBXFileReference; explicitFileType = wrapper.application; includeInIndex = 0; path = SK4ToolDemo.app; sourceTree = BUILT_PRODUCTS_DIR; };
		87BB463E1CA2A86F00F0BC50 /* AppDelegate.swift */ = {isa = PBXFileReference; lastKnownFileType = sourcecode.swift; path = AppDelegate.swift; sourceTree = "<group>"; };
		87BB46431CA2A86F00F0BC50 /* Base */ = {isa = PBXFileReference; lastKnownFileType = file.storyboard; name = Base; path = Base.lproj/Main.storyboard; sourceTree = "<group>"; };
		87BB46451CA2A86F00F0BC50 /* Assets.xcassets */ = {isa = PBXFileReference; lastKnownFileType = folder.assetcatalog; path = Assets.xcassets; sourceTree = "<group>"; };
		87BB46481CA2A86F00F0BC50 /* Base */ = {isa = PBXFileReference; lastKnownFileType = file.storyboard; name = Base; path = Base.lproj/LaunchScreen.storyboard; sourceTree = "<group>"; };
		87BB464A1CA2A86F00F0BC50 /* Info.plist */ = {isa = PBXFileReference; lastKnownFileType = text.plist.xml; path = Info.plist; sourceTree = "<group>"; };
		87BB464F1CA2A86F00F0BC50 /* SK4ToolDemoTests.xctest */ = {isa = PBXFileReference; explicitFileType = wrapper.cfbundle; includeInIndex = 0; path = SK4ToolDemoTests.xctest; sourceTree = BUILT_PRODUCTS_DIR; };
		87BB46531CA2A86F00F0BC50 /* SK4ToolDemoTests.swift */ = {isa = PBXFileReference; lastKnownFileType = sourcecode.swift; path = SK4ToolDemoTests.swift; sourceTree = "<group>"; };
		87BB46551CA2A86F00F0BC50 /* Info.plist */ = {isa = PBXFileReference; lastKnownFileType = text.plist.xml; path = Info.plist; sourceTree = "<group>"; };
		87BB465A1CA2A86F00F0BC50 /* SK4ToolDemoUITests.xctest */ = {isa = PBXFileReference; explicitFileType = wrapper.cfbundle; includeInIndex = 0; path = SK4ToolDemoUITests.xctest; sourceTree = BUILT_PRODUCTS_DIR; };
		87BB465E1CA2A86F00F0BC50 /* SK4ToolDemoUITests.swift */ = {isa = PBXFileReference; lastKnownFileType = sourcecode.swift; path = SK4ToolDemoUITests.swift; sourceTree = "<group>"; };
		87BB46601CA2A86F00F0BC50 /* Info.plist */ = {isa = PBXFileReference; lastKnownFileType = text.plist.xml; path = Info.plist; sourceTree = "<group>"; };
		87BB466E1CA2AE7C00F0BC50 /* TableViewController.swift */ = {isa = PBXFileReference; fileEncoding = 4; lastKnownFileType = sourcecode.swift; path = TableViewController.swift; sourceTree = "<group>"; };
		87BB46701CA2AE9900F0BC50 /* MainMenuViewController.swift */ = {isa = PBXFileReference; fileEncoding = 4; lastKnownFileType = sourcecode.swift; path = MainMenuViewController.swift; sourceTree = "<group>"; };
		87BB46721CA2AFC600F0BC50 /* TableViewAdmin.swift */ = {isa = PBXFileReference; fileEncoding = 4; lastKnownFileType = sourcecode.swift; path = TableViewAdmin.swift; sourceTree = "<group>"; };
		87BB467A1CA353A000F0BC50 /* AlertViewController.swift */ = {isa = PBXFileReference; fileEncoding = 4; lastKnownFileType = sourcecode.swift; path = AlertViewController.swift; sourceTree = "<group>"; };
		87E236DA1CA7214A00B98DF7 /* CollectionViewCell.swift */ = {isa = PBXFileReference; fileEncoding = 4; lastKnownFileType = sourcecode.swift; path = CollectionViewCell.swift; sourceTree = "<group>"; };
		87E236DE1CA7553F00B98DF7 /* PickerSizeViewController.swift */ = {isa = PBXFileReference; fileEncoding = 4; lastKnownFileType = sourcecode.swift; path = PickerSizeViewController.swift; sourceTree = "<group>"; };
		87E236E01CA75AA600B98DF7 /* PickerTimeViewController.swift */ = {isa = PBXFileReference; fileEncoding = 4; lastKnownFileType = sourcecode.swift; path = PickerTimeViewController.swift; sourceTree = "<group>"; };
		87E236E21CA7645F00B98DF7 /* PickerEverViewController.swift */ = {isa = PBXFileReference; fileEncoding = 4; lastKnownFileType = sourcecode.swift; path = PickerEverViewController.swift; sourceTree = "<group>"; };
		87E236E81CA78AAA00B98DF7 /* ImageCacheViewController.swift */ = {isa = PBXFileReference; fileEncoding = 4; lastKnownFileType = sourcecode.swift; path = ImageCacheViewController.swift; sourceTree = "<group>"; };
		87EE2A2B1CA6433800D0A222 /* Notify1ViewController.swift */ = {isa = PBXFileReference; fileEncoding = 4; lastKnownFileType = sourcecode.swift; path = Notify1ViewController.swift; sourceTree = "<group>"; };
		87EE2A2D1CA6476000D0A222 /* Notify2ViewController.swift */ = {isa = PBXFileReference; fileEncoding = 4; lastKnownFileType = sourcecode.swift; path = Notify2ViewController.swift; sourceTree = "<group>"; };
		87EE2A2F1CA6476D00D0A222 /* Notify3ViewController.swift */ = {isa = PBXFileReference; fileEncoding = 4; lastKnownFileType = sourcecode.swift; path = Notify3ViewController.swift; sourceTree = "<group>"; };
		87F0056F1CACF9A8001B6A0F /* GlobalConfig.swift */ = {isa = PBXFileReference; fileEncoding = 4; lastKnownFileType = sourcecode.swift; path = GlobalConfig.swift; sourceTree = "<group>"; };
		87F7540E1CB3A26D0030264D /* DivideLayoutViewController.swift */ = {isa = PBXFileReference; fileEncoding = 4; lastKnownFileType = sourcecode.swift; path = DivideLayoutViewController.swift; sourceTree = "<group>"; };
		87F754111CB3A3CB0030264D /* default-iPad.divlay */ = {isa = PBXFileReference; fileEncoding = 4; lastKnownFileType = text; name = "default-iPad.divlay"; path = "layout/default-iPad.divlay"; sourceTree = "<group>"; };
		87F754121CB3A3CB0030264D /* default-iPhone.divlay */ = {isa = PBXFileReference; fileEncoding = 4; lastKnownFileType = text; name = "default-iPhone.divlay"; path = "layout/default-iPhone.divlay"; sourceTree = "<group>"; };
		8850AFC050E3348E3883ED60 /* Pods.framework */ = {isa = PBXFileReference; explicitFileType = wrapper.framework; includeInIndex = 0; path = Pods.framework; sourceTree = BUILT_PRODUCTS_DIR; };
/* End PBXFileReference section */

/* Begin PBXFrameworksBuildPhase section */
		87BB46381CA2A86F00F0BC50 /* Frameworks */ = {
			isa = PBXFrameworksBuildPhase;
			buildActionMask = 2147483647;
			files = (
				54122F2F05F3FB7A85ABE547 /* Pods.framework in Frameworks */,
			);
			runOnlyForDeploymentPostprocessing = 0;
		};
		87BB464C1CA2A86F00F0BC50 /* Frameworks */ = {
			isa = PBXFrameworksBuildPhase;
			buildActionMask = 2147483647;
			files = (
			);
			runOnlyForDeploymentPostprocessing = 0;
		};
		87BB46571CA2A86F00F0BC50 /* Frameworks */ = {
			isa = PBXFrameworksBuildPhase;
			buildActionMask = 2147483647;
			files = (
			);
			runOnlyForDeploymentPostprocessing = 0;
		};
/* End PBXFrameworksBuildPhase section */

/* Begin PBXGroup section */
		25ADBBE4EBAE301F4679A25D /* Frameworks */ = {
			isa = PBXGroup;
			children = (
				8850AFC050E3348E3883ED60 /* Pods.framework */,
			);
			name = Frameworks;
			sourceTree = "<group>";
		};
		87909E591CC50A1D009C9724 /* AudioPlayer */ = {
			isa = PBXGroup;
			children = (
				87909E7C1CC5112F009C9724 /* Gyuuuuuu.caf */,
				87909E7D1CC5112F009C9724 /* Purururururu.caf */,
				87909E6C1CC50D80009C9724 /* powerup01.caf */,
				87909E6D1CC50D80009C9724 /* powerup02.caf */,
				87909E6E1CC50D80009C9724 /* powerup03.caf */,
				87909E6F1CC50D80009C9724 /* powerup04.caf */,
				87909E701CC50D80009C9724 /* powerup05.caf */,
				87909E711CC50D80009C9724 /* powerup06.caf */,
				87909E721CC50D80009C9724 /* powerup07.caf */,
				87909E731CC50D81009C9724 /* powerup08.caf */,
				87909E6A1CC50B83009C9724 /* AudioPlayerViewController.swift */,
			);
			name = AudioPlayer;
			sourceTree = "<group>";
		};
		87BB46321CA2A86F00F0BC50 = {
			isa = PBXGroup;
			children = (
				87BB463D1CA2A86F00F0BC50 /* SK4ToolDemo */,
				87BB46521CA2A86F00F0BC50 /* SK4ToolDemoTests */,
				87BB465D1CA2A86F00F0BC50 /* SK4ToolDemoUITests */,
				87BB463C1CA2A86F00F0BC50 /* Products */,
				F21152FB112480BBF30F615A /* Pods */,
				25ADBBE4EBAE301F4679A25D /* Frameworks */,
			);
			sourceTree = "<group>";
		};
		87BB463C1CA2A86F00F0BC50 /* Products */ = {
			isa = PBXGroup;
			children = (
				87BB463B1CA2A86F00F0BC50 /* SK4ToolDemo.app */,
				87BB464F1CA2A86F00F0BC50 /* SK4ToolDemoTests.xctest */,
				87BB465A1CA2A86F00F0BC50 /* SK4ToolDemoUITests.xctest */,
			);
			name = Products;
			sourceTree = "<group>";
		};
		87BB463D1CA2A86F00F0BC50 /* SK4ToolDemo */ = {
			isa = PBXGroup;
			children = (
				87BB463E1CA2A86F00F0BC50 /* AppDelegate.swift */,
				87F0056F1CACF9A8001B6A0F /* GlobalConfig.swift */,
				87BB46701CA2AE9900F0BC50 /* MainMenuViewController.swift */,
				87909E591CC50A1D009C9724 /* AudioPlayer */,
				87909E571CC50558009C9724 /* SendMailViewController.swift */,
				87909E551CC4F450009C9724 /* InterpolationColorViewController.swift */,
				87F754101CB3A3B90030264D /* DivideLayout */,
				87632DBE1CAC0716004D31E0 /* KeyboardObserverViewController.swift */,
				870216AD1CABF123006137E9 /* ColorPickerViewController.swift */,
				87BB466E1CA2AE7C00F0BC50 /* TableViewController.swift */,
				87BB46721CA2AFC600F0BC50 /* TableViewAdmin.swift */,
				87BB467A1CA353A000F0BC50 /* AlertViewController.swift */,
				878402161CA36269001C3E0F /* ActionSheetViewController.swift */,
				8784021A1CA39BDE001C3E0F /* BorderButtonViewController.swift */,
				8784021C1CA3A5DE001C3E0F /* ToolbarViewController.swift */,
				871F9E861CA3B91D005295FC /* OverlayIndicatorViewController.swift */,
				87EE2A2B1CA6433800D0A222 /* Notify1ViewController.swift */,
				87EE2A2D1CA6476000D0A222 /* Notify2ViewController.swift */,
				87EE2A2F1CA6476D00D0A222 /* Notify3ViewController.swift */,
				879E73FA1CA6A9D600C64902 /* CollectionViewController.swift */,
				879E73FC1CA6AA0F00C64902 /* CollectionViewAdmin.swift */,
				87E236DA1CA7214A00B98DF7 /* CollectionViewCell.swift */,
				87E236DE1CA7553F00B98DF7 /* PickerSizeViewController.swift */,
				87E236E01CA75AA600B98DF7 /* PickerTimeViewController.swift */,
				87E236E21CA7645F00B98DF7 /* PickerEverViewController.swift */,
				87E236E81CA78AAA00B98DF7 /* ImageCacheViewController.swift */,
				87B634EF1CA7F2B4004501B2 /* LazyTimerViewController.swift */,
				87B634F11CA7F579004501B2 /* TextAttributesViewController.swift */,
				87BB46421CA2A86F00F0BC50 /* Main.storyboard */,
				87BB46451CA2A86F00F0BC50 /* Assets.xcassets */,
				87BB46471CA2A86F00F0BC50 /* LaunchScreen.storyboard */,
				87BB464A1CA2A86F00F0BC50 /* Info.plist */,
			);
			path = SK4ToolDemo;
			sourceTree = "<group>";
		};
		87BB46521CA2A86F00F0BC50 /* SK4ToolDemoTests */ = {
			isa = PBXGroup;
			children = (
				87BB46531CA2A86F00F0BC50 /* SK4ToolDemoTests.swift */,
				87BB46551CA2A86F00F0BC50 /* Info.plist */,
			);
			path = SK4ToolDemoTests;
			sourceTree = "<group>";
		};
		87BB465D1CA2A86F00F0BC50 /* SK4ToolDemoUITests */ = {
			isa = PBXGroup;
			children = (
				87BB465E1CA2A86F00F0BC50 /* SK4ToolDemoUITests.swift */,
				87BB46601CA2A86F00F0BC50 /* Info.plist */,
			);
			path = SK4ToolDemoUITests;
			sourceTree = "<group>";
		};
		87F754101CB3A3B90030264D /* DivideLayout */ = {
			isa = PBXGroup;
			children = (
				87F754111CB3A3CB0030264D /* default-iPad.divlay */,
				87F754121CB3A3CB0030264D /* default-iPhone.divlay */,
				87F7540E1CB3A26D0030264D /* DivideLayoutViewController.swift */,
				877009311CB3CC5F00109310 /* MainView.swift */,
			);
			name = DivideLayout;
			sourceTree = "<group>";
		};
		F21152FB112480BBF30F615A /* Pods */ = {
			isa = PBXGroup;
			children = (
				1FC367A66B951D039552F1A1 /* Pods.debug.xcconfig */,
				454CF1B3C57725A2EEB6854B /* Pods.release.xcconfig */,
			);
			name = Pods;
			sourceTree = "<group>";
		};
/* End PBXGroup section */

/* Begin PBXNativeTarget section */
		87BB463A1CA2A86F00F0BC50 /* SK4ToolDemo */ = {
			isa = PBXNativeTarget;
			buildConfigurationList = 87BB46631CA2A86F00F0BC50 /* Build configuration list for PBXNativeTarget "SK4ToolDemo" */;
			buildPhases = (
				3514E35929BDAB27C2652394 /* Check Pods Manifest.lock */,
				87BB46371CA2A86F00F0BC50 /* Sources */,
				87BB46381CA2A86F00F0BC50 /* Frameworks */,
				87BB46391CA2A86F00F0BC50 /* Resources */,
				87A583B71CA8F82500D0E357 /* Embed Frameworks */,
				2159684F48251E51A2A83AE4 /* Embed Pods Frameworks */,
				B60B7F883891F95AED55D9AD /* Copy Pods Resources */,
			);
			buildRules = (
			);
			dependencies = (
			);
			name = SK4ToolDemo;
			productName = SK4ToolDemo;
			productReference = 87BB463B1CA2A86F00F0BC50 /* SK4ToolDemo.app */;
			productType = "com.apple.product-type.application";
		};
		87BB464E1CA2A86F00F0BC50 /* SK4ToolDemoTests */ = {
			isa = PBXNativeTarget;
			buildConfigurationList = 87BB46661CA2A86F00F0BC50 /* Build configuration list for PBXNativeTarget "SK4ToolDemoTests" */;
			buildPhases = (
				87BB464B1CA2A86F00F0BC50 /* Sources */,
				87BB464C1CA2A86F00F0BC50 /* Frameworks */,
				87BB464D1CA2A86F00F0BC50 /* Resources */,
			);
			buildRules = (
			);
			dependencies = (
				87BB46511CA2A86F00F0BC50 /* PBXTargetDependency */,
			);
			name = SK4ToolDemoTests;
			productName = SK4ToolDemoTests;
			productReference = 87BB464F1CA2A86F00F0BC50 /* SK4ToolDemoTests.xctest */;
			productType = "com.apple.product-type.bundle.unit-test";
		};
		87BB46591CA2A86F00F0BC50 /* SK4ToolDemoUITests */ = {
			isa = PBXNativeTarget;
			buildConfigurationList = 87BB46691CA2A86F00F0BC50 /* Build configuration list for PBXNativeTarget "SK4ToolDemoUITests" */;
			buildPhases = (
				87BB46561CA2A86F00F0BC50 /* Sources */,
				87BB46571CA2A86F00F0BC50 /* Frameworks */,
				87BB46581CA2A86F00F0BC50 /* Resources */,
			);
			buildRules = (
			);
			dependencies = (
				87BB465C1CA2A86F00F0BC50 /* PBXTargetDependency */,
			);
			name = SK4ToolDemoUITests;
			productName = SK4ToolDemoUITests;
			productReference = 87BB465A1CA2A86F00F0BC50 /* SK4ToolDemoUITests.xctest */;
			productType = "com.apple.product-type.bundle.ui-testing";
		};
/* End PBXNativeTarget section */

/* Begin PBXProject section */
		87BB46331CA2A86F00F0BC50 /* Project object */ = {
			isa = PBXProject;
			attributes = {
				LastSwiftUpdateCheck = 0730;
				LastUpgradeCheck = 0730;
				ORGANIZATIONNAME = AxeRoad;
				TargetAttributes = {
					87BB463A1CA2A86F00F0BC50 = {
						CreatedOnToolsVersion = 7.3;
					};
					87BB464E1CA2A86F00F0BC50 = {
						CreatedOnToolsVersion = 7.3;
						TestTargetID = 87BB463A1CA2A86F00F0BC50;
					};
					87BB46591CA2A86F00F0BC50 = {
						CreatedOnToolsVersion = 7.3;
						TestTargetID = 87BB463A1CA2A86F00F0BC50;
					};
				};
			};
			buildConfigurationList = 87BB46361CA2A86F00F0BC50 /* Build configuration list for PBXProject "SK4ToolDemo" */;
			compatibilityVersion = "Xcode 3.2";
			developmentRegion = English;
			hasScannedForEncodings = 0;
			knownRegions = (
				en,
				Base,
			);
			mainGroup = 87BB46321CA2A86F00F0BC50;
			productRefGroup = 87BB463C1CA2A86F00F0BC50 /* Products */;
			projectDirPath = "";
			projectRoot = "";
			targets = (
				87BB463A1CA2A86F00F0BC50 /* SK4ToolDemo */,
				87BB464E1CA2A86F00F0BC50 /* SK4ToolDemoTests */,
				87BB46591CA2A86F00F0BC50 /* SK4ToolDemoUITests */,
			);
		};
/* End PBXProject section */

/* Begin PBXResourcesBuildPhase section */
		87BB46391CA2A86F00F0BC50 /* Resources */ = {
			isa = PBXResourcesBuildPhase;
			buildActionMask = 2147483647;
			files = (
				87BB46491CA2A86F00F0BC50 /* LaunchScreen.storyboard in Resources */,
				87909E771CC50D81009C9724 /* powerup04.caf in Resources */,
				87F754141CB3A3CB0030264D /* default-iPhone.divlay in Resources */,
				87909E761CC50D81009C9724 /* powerup03.caf in Resources */,
				87BB46461CA2A86F00F0BC50 /* Assets.xcassets in Resources */,
				87F754131CB3A3CB0030264D /* default-iPad.divlay in Resources */,
				87909E7E1CC5112F009C9724 /* Gyuuuuuu.caf in Resources */,
				87909E781CC50D81009C9724 /* powerup05.caf in Resources */,
				87909E7F1CC5112F009C9724 /* Purururururu.caf in Resources */,
				87909E741CC50D81009C9724 /* powerup01.caf in Resources */,
				87909E7B1CC50D81009C9724 /* powerup08.caf in Resources */,
				87BB46441CA2A86F00F0BC50 /* Main.storyboard in Resources */,
				87909E791CC50D81009C9724 /* powerup06.caf in Resources */,
				87909E7A1CC50D81009C9724 /* powerup07.caf in Resources */,
				87909E751CC50D81009C9724 /* powerup02.caf in Resources */,
			);
			runOnlyForDeploymentPostprocessing = 0;
		};
		87BB464D1CA2A86F00F0BC50 /* Resources */ = {
			isa = PBXResourcesBuildPhase;
			buildActionMask = 2147483647;
			files = (
			);
			runOnlyForDeploymentPostprocessing = 0;
		};
		87BB46581CA2A86F00F0BC50 /* Resources */ = {
			isa = PBXResourcesBuildPhase;
			buildActionMask = 2147483647;
			files = (
			);
			runOnlyForDeploymentPostprocessing = 0;
		};
/* End PBXResourcesBuildPhase section */

/* Begin PBXShellScriptBuildPhase section */
		2159684F48251E51A2A83AE4 /* Embed Pods Frameworks */ = {
			isa = PBXShellScriptBuildPhase;
			buildActionMask = 2147483647;
			files = (
			);
			inputPaths = (
			);
			name = "Embed Pods Frameworks";
			outputPaths = (
			);
			runOnlyForDeploymentPostprocessing = 0;
			shellPath = /bin/sh;
			shellScript = "\"${SRCROOT}/Pods/Target Support Files/Pods/Pods-frameworks.sh\"\n";
			showEnvVarsInLog = 0;
		};
		3514E35929BDAB27C2652394 /* Check Pods Manifest.lock */ = {
			isa = PBXShellScriptBuildPhase;
			buildActionMask = 2147483647;
			files = (
			);
			inputPaths = (
			);
			name = "Check Pods Manifest.lock";
			outputPaths = (
			);
			runOnlyForDeploymentPostprocessing = 0;
			shellPath = /bin/sh;
			shellScript = "diff \"${PODS_ROOT}/../Podfile.lock\" \"${PODS_ROOT}/Manifest.lock\" > /dev/null\nif [[ $? != 0 ]] ; then\n    cat << EOM\nerror: The sandbox is not in sync with the Podfile.lock. Run 'pod install' or update your CocoaPods installation.\nEOM\n    exit 1\nfi\n";
			showEnvVarsInLog = 0;
		};
		B60B7F883891F95AED55D9AD /* Copy Pods Resources */ = {
			isa = PBXShellScriptBuildPhase;
			buildActionMask = 2147483647;
			files = (
			);
			inputPaths = (
			);
			name = "Copy Pods Resources";
			outputPaths = (
			);
			runOnlyForDeploymentPostprocessing = 0;
			shellPath = /bin/sh;
			shellScript = "\"${SRCROOT}/Pods/Target Support Files/Pods/Pods-resources.sh\"\n";
			showEnvVarsInLog = 0;
		};
/* End PBXShellScriptBuildPhase section */

/* Begin PBXSourcesBuildPhase section */
		87BB46371CA2A86F00F0BC50 /* Sources */ = {
			isa = PBXSourcesBuildPhase;
			buildActionMask = 2147483647;
			files = (
				87E236E91CA78AAA00B98DF7 /* ImageCacheViewController.swift in Sources */,
				877009321CB3CC5F00109310 /* MainView.swift in Sources */,
				87EE2A301CA6476D00D0A222 /* Notify3ViewController.swift in Sources */,
				87632DBF1CAC0716004D31E0 /* KeyboardObserverViewController.swift in Sources */,
				8784021D1CA3A5DE001C3E0F /* ToolbarViewController.swift in Sources */,
				87F005701CACF9A8001B6A0F /* GlobalConfig.swift in Sources */,
				87EE2A2C1CA6433800D0A222 /* Notify1ViewController.swift in Sources */,
				870216AE1CABF123006137E9 /* ColorPickerViewController.swift in Sources */,
				87E236DB1CA7214A00B98DF7 /* CollectionViewCell.swift in Sources */,
				87E236E11CA75AA600B98DF7 /* PickerTimeViewController.swift in Sources */,
				87BB46711CA2AE9900F0BC50 /* MainMenuViewController.swift in Sources */,
				87BB467B1CA353A000F0BC50 /* AlertViewController.swift in Sources */,
				87F7540F1CB3A26E0030264D /* DivideLayoutViewController.swift in Sources */,
				8784021B1CA39BDE001C3E0F /* BorderButtonViewController.swift in Sources */,
				87BB463F1CA2A86F00F0BC50 /* AppDelegate.swift in Sources */,
				87EE2A2E1CA6476000D0A222 /* Notify2ViewController.swift in Sources */,
				87BB46731CA2AFC600F0BC50 /* TableViewAdmin.swift in Sources */,
				87909E6B1CC50B83009C9724 /* AudioPlayerViewController.swift in Sources */,
				879E73FB1CA6A9D600C64902 /* CollectionViewController.swift in Sources */,
				87B634F01CA7F2B5004501B2 /* LazyTimerViewController.swift in Sources */,
				87909E581CC50558009C9724 /* SendMailViewController.swift in Sources */,
				87E236E31CA7645F00B98DF7 /* PickerEverViewController.swift in Sources */,
				879E73FD1CA6AA0F00C64902 /* CollectionViewAdmin.swift in Sources */,
				871F9E871CA3B91D005295FC /* OverlayIndicatorViewController.swift in Sources */,
				87E236DF1CA7553F00B98DF7 /* PickerSizeViewController.swift in Sources */,
				87909E561CC4F450009C9724 /* InterpolationColorViewController.swift in Sources */,
				87BB466F1CA2AE7C00F0BC50 /* TableViewController.swift in Sources */,
				87B634F21CA7F579004501B2 /* TextAttributesViewController.swift in Sources */,
				878402171CA36269001C3E0F /* ActionSheetViewController.swift in Sources */,
			);
			runOnlyForDeploymentPostprocessing = 0;
		};
		87BB464B1CA2A86F00F0BC50 /* Sources */ = {
			isa = PBXSourcesBuildPhase;
			buildActionMask = 2147483647;
			files = (
				87BB46541CA2A86F00F0BC50 /* SK4ToolDemoTests.swift in Sources */,
			);
			runOnlyForDeploymentPostprocessing = 0;
		};
		87BB46561CA2A86F00F0BC50 /* Sources */ = {
			isa = PBXSourcesBuildPhase;
			buildActionMask = 2147483647;
			files = (
				87BB465F1CA2A86F00F0BC50 /* SK4ToolDemoUITests.swift in Sources */,
			);
			runOnlyForDeploymentPostprocessing = 0;
		};
/* End PBXSourcesBuildPhase section */

/* Begin PBXTargetDependency section */
		87BB46511CA2A86F00F0BC50 /* PBXTargetDependency */ = {
			isa = PBXTargetDependency;
			target = 87BB463A1CA2A86F00F0BC50 /* SK4ToolDemo */;
			targetProxy = 87BB46501CA2A86F00F0BC50 /* PBXContainerItemProxy */;
		};
		87BB465C1CA2A86F00F0BC50 /* PBXTargetDependency */ = {
			isa = PBXTargetDependency;
			target = 87BB463A1CA2A86F00F0BC50 /* SK4ToolDemo */;
			targetProxy = 87BB465B1CA2A86F00F0BC50 /* PBXContainerItemProxy */;
		};
/* End PBXTargetDependency section */

/* Begin PBXVariantGroup section */
		87BB46421CA2A86F00F0BC50 /* Main.storyboard */ = {
			isa = PBXVariantGroup;
			children = (
				87BB46431CA2A86F00F0BC50 /* Base */,
			);
			name = Main.storyboard;
			sourceTree = "<group>";
		};
		87BB46471CA2A86F00F0BC50 /* LaunchScreen.storyboard */ = {
			isa = PBXVariantGroup;
			children = (
				87BB46481CA2A86F00F0BC50 /* Base */,
			);
			name = LaunchScreen.storyboard;
			sourceTree = "<group>";
		};
/* End PBXVariantGroup section */

/* Begin XCBuildConfiguration section */
		87BB46611CA2A86F00F0BC50 /* Debug */ = {
			isa = XCBuildConfiguration;
			buildSettings = {
				ALWAYS_SEARCH_USER_PATHS = NO;
				CLANG_ANALYZER_NONNULL = YES;
				CLANG_CXX_LANGUAGE_STANDARD = "gnu++0x";
				CLANG_CXX_LIBRARY = "libc++";
				CLANG_ENABLE_MODULES = YES;
				CLANG_ENABLE_OBJC_ARC = YES;
				CLANG_WARN_BOOL_CONVERSION = YES;
				CLANG_WARN_CONSTANT_CONVERSION = YES;
				CLANG_WARN_DIRECT_OBJC_ISA_USAGE = YES_ERROR;
				CLANG_WARN_EMPTY_BODY = YES;
				CLANG_WARN_ENUM_CONVERSION = YES;
				CLANG_WARN_INT_CONVERSION = YES;
				CLANG_WARN_OBJC_ROOT_CLASS = YES_ERROR;
				CLANG_WARN_UNREACHABLE_CODE = YES;
				CLANG_WARN__DUPLICATE_METHOD_MATCH = YES;
				"CODE_SIGN_IDENTITY[sdk=iphoneos*]" = "iPhone Developer";
				COPY_PHASE_STRIP = NO;
				DEBUG_INFORMATION_FORMAT = dwarf;
				ENABLE_STRICT_OBJC_MSGSEND = YES;
				ENABLE_TESTABILITY = YES;
				GCC_C_LANGUAGE_STANDARD = gnu99;
				GCC_DYNAMIC_NO_PIC = NO;
				GCC_NO_COMMON_BLOCKS = YES;
				GCC_OPTIMIZATION_LEVEL = 0;
				GCC_PREPROCESSOR_DEFINITIONS = (
					"DEBUG=1",
					"$(inherited)",
				);
				GCC_WARN_64_TO_32_BIT_CONVERSION = YES;
				GCC_WARN_ABOUT_RETURN_TYPE = YES_ERROR;
				GCC_WARN_UNDECLARED_SELECTOR = YES;
				GCC_WARN_UNINITIALIZED_AUTOS = YES_AGGRESSIVE;
				GCC_WARN_UNUSED_FUNCTION = YES;
				GCC_WARN_UNUSED_VARIABLE = YES;
				IPHONEOS_DEPLOYMENT_TARGET = 9.0;
				MTL_ENABLE_DEBUG_INFO = YES;
				ONLY_ACTIVE_ARCH = YES;
				SDKROOT = iphoneos;
				SWIFT_OPTIMIZATION_LEVEL = "-Onone";
				TARGETED_DEVICE_FAMILY = "1,2";
			};
			name = Debug;
		};
		87BB46621CA2A86F00F0BC50 /* Release */ = {
			isa = XCBuildConfiguration;
			buildSettings = {
				ALWAYS_SEARCH_USER_PATHS = NO;
				CLANG_ANALYZER_NONNULL = YES;
				CLANG_CXX_LANGUAGE_STANDARD = "gnu++0x";
				CLANG_CXX_LIBRARY = "libc++";
				CLANG_ENABLE_MODULES = YES;
				CLANG_ENABLE_OBJC_ARC = YES;
				CLANG_WARN_BOOL_CONVERSION = YES;
				CLANG_WARN_CONSTANT_CONVERSION = YES;
				CLANG_WARN_DIRECT_OBJC_ISA_USAGE = YES_ERROR;
				CLANG_WARN_EMPTY_BODY = YES;
				CLANG_WARN_ENUM_CONVERSION = YES;
				CLANG_WARN_INT_CONVERSION = YES;
				CLANG_WARN_OBJC_ROOT_CLASS = YES_ERROR;
				CLANG_WARN_UNREACHABLE_CODE = YES;
				CLANG_WARN__DUPLICATE_METHOD_MATCH = YES;
				"CODE_SIGN_IDENTITY[sdk=iphoneos*]" = "iPhone Developer";
				COPY_PHASE_STRIP = NO;
				DEBUG_INFORMATION_FORMAT = "dwarf-with-dsym";
				ENABLE_NS_ASSERTIONS = NO;
				ENABLE_STRICT_OBJC_MSGSEND = YES;
				GCC_C_LANGUAGE_STANDARD = gnu99;
				GCC_NO_COMMON_BLOCKS = YES;
				GCC_WARN_64_TO_32_BIT_CONVERSION = YES;
				GCC_WARN_ABOUT_RETURN_TYPE = YES_ERROR;
				GCC_WARN_UNDECLARED_SELECTOR = YES;
				GCC_WARN_UNINITIALIZED_AUTOS = YES_AGGRESSIVE;
				GCC_WARN_UNUSED_FUNCTION = YES;
				GCC_WARN_UNUSED_VARIABLE = YES;
				IPHONEOS_DEPLOYMENT_TARGET = 9.0;
				MTL_ENABLE_DEBUG_INFO = NO;
				SDKROOT = iphoneos;
				TARGETED_DEVICE_FAMILY = "1,2";
				VALIDATE_PRODUCT = YES;
			};
			name = Release;
		};
		87BB46641CA2A86F00F0BC50 /* Debug */ = {
			isa = XCBuildConfiguration;
			baseConfigurationReference = 1FC367A66B951D039552F1A1 /* Pods.debug.xcconfig */;
			buildSettings = {
				ASSETCATALOG_COMPILER_APPICON_NAME = AppIcon;
				INFOPLIST_FILE = SK4ToolDemo/Info.plist;
				LD_RUNPATH_SEARCH_PATHS = "$(inherited) @executable_path/Frameworks";
				PRODUCT_BUNDLE_IDENTIFIER = "com.see-ku.SK4ToolDemo";
				PRODUCT_NAME = "$(TARGET_NAME)";
			};
			name = Debug;
		};
		87BB46651CA2A86F00F0BC50 /* Release */ = {
			isa = XCBuildConfiguration;
			baseConfigurationReference = 454CF1B3C57725A2EEB6854B /* Pods.release.xcconfig */;
			buildSettings = {
				ASSETCATALOG_COMPILER_APPICON_NAME = AppIcon;
				INFOPLIST_FILE = SK4ToolDemo/Info.plist;
				LD_RUNPATH_SEARCH_PATHS = "$(inherited) @executable_path/Frameworks";
				PRODUCT_BUNDLE_IDENTIFIER = "com.see-ku.SK4ToolDemo";
				PRODUCT_NAME = "$(TARGET_NAME)";
			};
			name = Release;
		};
		87BB46671CA2A86F00F0BC50 /* Debug */ = {
			isa = XCBuildConfiguration;
			buildSettings = {
				BUNDLE_LOADER = "$(TEST_HOST)";
				INFOPLIST_FILE = SK4ToolDemoTests/Info.plist;
				LD_RUNPATH_SEARCH_PATHS = "$(inherited) @executable_path/Frameworks @loader_path/Frameworks";
				PRODUCT_BUNDLE_IDENTIFIER = "com.see-ku.SK4ToolDemoTests";
				PRODUCT_NAME = "$(TARGET_NAME)";
				TEST_HOST = "$(BUILT_PRODUCTS_DIR)/SK4ToolDemo.app/SK4ToolDemo";
			};
			name = Debug;
		};
		87BB46681CA2A86F00F0BC50 /* Release */ = {
			isa = XCBuildConfiguration;
			buildSettings = {
				BUNDLE_LOADER = "$(TEST_HOST)";
				INFOPLIST_FILE = SK4ToolDemoTests/Info.plist;
				LD_RUNPATH_SEARCH_PATHS = "$(inherited) @executable_path/Frameworks @loader_path/Frameworks";
				PRODUCT_BUNDLE_IDENTIFIER = "com.see-ku.SK4ToolDemoTests";
				PRODUCT_NAME = "$(TARGET_NAME)";
				TEST_HOST = "$(BUILT_PRODUCTS_DIR)/SK4ToolDemo.app/SK4ToolDemo";
			};
			name = Release;
		};
		87BB466A1CA2A86F00F0BC50 /* Debug */ = {
			isa = XCBuildConfiguration;
			buildSettings = {
				INFOPLIST_FILE = SK4ToolDemoUITests/Info.plist;
				LD_RUNPATH_SEARCH_PATHS = "$(inherited) @executable_path/Frameworks @loader_path/Frameworks";
				PRODUCT_BUNDLE_IDENTIFIER = "com.see-ku.SK4ToolDemoUITests";
				PRODUCT_NAME = "$(TARGET_NAME)";
				TEST_TARGET_NAME = SK4ToolDemo;
			};
			name = Debug;
		};
		87BB466B1CA2A86F00F0BC50 /* Release */ = {
			isa = XCBuildConfiguration;
			buildSettings = {
				INFOPLIST_FILE = SK4ToolDemoUITests/Info.plist;
				LD_RUNPATH_SEARCH_PATHS = "$(inherited) @executable_path/Frameworks @loader_path/Frameworks";
				PRODUCT_BUNDLE_IDENTIFIER = "com.see-ku.SK4ToolDemoUITests";
				PRODUCT_NAME = "$(TARGET_NAME)";
				TEST_TARGET_NAME = SK4ToolDemo;
			};
			name = Release;
		};
/* End XCBuildConfiguration section */

/* Begin XCConfigurationList section */
		87BB46361CA2A86F00F0BC50 /* Build configuration list for PBXProject "SK4ToolDemo" */ = {
			isa = XCConfigurationList;
			buildConfigurations = (
				87BB46611CA2A86F00F0BC50 /* Debug */,
				87BB46621CA2A86F00F0BC50 /* Release */,
			);
			defaultConfigurationIsVisible = 0;
			defaultConfigurationName = Release;
		};
		87BB46631CA2A86F00F0BC50 /* Build configuration list for PBXNativeTarget "SK4ToolDemo" */ = {
			isa = XCConfigurationList;
			buildConfigurations = (
				87BB46641CA2A86F00F0BC50 /* Debug */,
				87BB46651CA2A86F00F0BC50 /* Release */,
			);
			defaultConfigurationIsVisible = 0;
			defaultConfigurationName = Release;
		};
		87BB46661CA2A86F00F0BC50 /* Build configuration list for PBXNativeTarget "SK4ToolDemoTests" */ = {
			isa = XCConfigurationList;
			buildConfigurations = (
				87BB46671CA2A86F00F0BC50 /* Debug */,
				87BB46681CA2A86F00F0BC50 /* Release */,
			);
			defaultConfigurationIsVisible = 0;
			defaultConfigurationName = Release;
		};
		87BB46691CA2A86F00F0BC50 /* Build configuration list for PBXNativeTarget "SK4ToolDemoUITests" */ = {
			isa = XCConfigurationList;
			buildConfigurations = (
				87BB466A1CA2A86F00F0BC50 /* Debug */,
				87BB466B1CA2A86F00F0BC50 /* Release */,
			);
			defaultConfigurationIsVisible = 0;
			defaultConfigurationName = Release;
		};
/* End XCConfigurationList section */
	};
	rootObject = 87BB46331CA2A86F00F0BC50 /* Project object */;
}
